
Microsoft Visual Studio Solution File, Format Version 12.00
# Visual Studio Version 16
VisualStudioVersion = 16.0.32602.291
MinimumVisualStudioVersion = 10.0.40219.1
Project("{FAE04EC0-301F-11D3-BF4B-00C04F79EFBC}") = "9.11.22 British Time -model first-entity framework-", "9.11.22 British Time -model first-entity framework-\9.11.22 British Time -model first-entity framework-.csproj", "{4A92EAA6-29EA-41BA-9630-762DEDB753C5}"
EndProject
Global
	GlobalSection(SolutionConfigurationPlatforms) = preSolution
		Debug|Any CPU = Debug|Any CPU
		Release|Any CPU = Release|Any CPU
	EndGlobalSection
	GlobalSection(ProjectConfigurationPlatforms) = postSolution
		{4A92EAA6-29EA-41BA-9630-762DEDB753C5}.Debug|Any CPU.ActiveCfg = Debug|Any CPU
		{4A92EAA6-29EA-41BA-9630-762DEDB753C5}.Debug|Any CPU.Build.0 = Debug|Any CPU
		{4A92EAA6-29EA-41BA-9630-762DEDB753C5}.Release|Any CPU.ActiveCfg = Release|Any CPU
		{4A92EAA6-29EA-41BA-9630-762DEDB753C5}.Release|Any CPU.Build.0 = Release|Any CPU
	EndGlobalSection
	GlobalSection(SolutionProperties) = preSolution
		HideSolutionNode = FALSE
	EndGlobalSection
	GlobalSection(ExtensibilityGlobals) = postSolution
		SolutionGuid = {8A8F5D3F-B537-4492-8513-D37699063E9F}
	EndGlobalSection
EndGlobal
